<?xml version="1.0" encoding="utf-8"?>
<Project ToolsVersion="4.0" xmlns="http://schemas.microsoft.com/developer/msbuild/2003">
  <ItemGroup>
    <Filter Include="Source Files">
      <UniqueIdentifier>{4FC737F1-C7A5-4376-A066-2A32D752A2FF}</UniqueIdentifier>
      <Extensions>cpp;c;cc;cxx;def;odl;idl;hpj;bat;asm;asmx</Extensions>
    </Filter>
    <Filter Include="Header Files">
      <UniqueIdentifier>{93995380-89BD-4b04-88EB-625FBE52EBFB}</UniqueIdentifier>
      <Extensions>h;hpp;hxx;hm;inl;inc;xsd</Extensions>
    </Filter>
    <Filter Include="Shader">
      <UniqueIdentifier>{67DA6AB6-F800-4c08-8B7A-83BB121AAD01}</UniqueIdentifier>
      <Extensions>rc;ico;cur;bmp;dlg;rc2;rct;bin;rgs;gif;jpg;jpeg;jpe;resx;tiff;tif;png;wav;mfcribbon-ms</Extensions>
    </Filter>
    <Filter Include="Source Files\Scenes">
      <UniqueIdentifier>{9c1a5900-f008-4b81-b9e7-60eec5bad0c3}</UniqueIdentifier>
    </Filter>
    <Filter Include="Header Files\Scenes">
      <UniqueIdentifier>{d0cfc3d6-1cda-4b9c-b21d-a4abf8ad0c40}</UniqueIdentifier>
    </Filter>
    <Filter Include="Header Files\GameObjects">
      <UniqueIdentifier>{bf217a01-99c5-4f82-89d2-6c6dda48ebff}</UniqueIdentifier>
    </Filter>
    <Filter Include="Source Files\GameObjects">
      <UniqueIdentifier>{e33b42e6-57a9-42c0-a627-29ff236d22f1}</UniqueIdentifier>
    </Filter>
    <Filter Include="Header Files\Camera">
      <UniqueIdentifier>{205c5391-1ffc-4ce1-a91a-19c5ba5ff35b}</UniqueIdentifier>
    </Filter>
    <Filter Include="Header Files\Main">
      <UniqueIdentifier>{81784673-7625-4b59-b12b-3a23e44a25d4}</UniqueIdentifier>
    </Filter>
    <Filter Include="Header Files\Graphics">
      <UniqueIdentifier>{a6a16825-61bc-43aa-bf8e-3b092d351475}</UniqueIdentifier>
    </Filter>
    <Filter Include="Source Files\Camera">
      <UniqueIdentifier>{8a1d7a39-002b-4446-8cb3-135868770571}</UniqueIdentifier>
    </Filter>
    <Filter Include="Source Files\Graphics">
      <UniqueIdentifier>{d32ae476-4991-4703-8508-d74c3f9c67b9}</UniqueIdentifier>
    </Filter>
    <Filter Include="Source Files\Main">
      <UniqueIdentifier>{a5217510-df73-47af-a697-484f0fc51e81}</UniqueIdentifier>
    </Filter>
    <Filter Include="Source Files\Others">
      <UniqueIdentifier>{8b270962-1c0a-477a-8bc0-f8de1acbc644}</UniqueIdentifier>
    </Filter>
    <Filter Include="Header Files\States">
      <UniqueIdentifier>{0b8c81ab-4561-478b-91b4-f08c4b5c6340}</UniqueIdentifier>
    </Filter>
    <Filter Include="Source Files\States">
      <UniqueIdentifier>{7fc504c1-2bd4-4d2a-b8ea-938368843208}</UniqueIdentifier>
    </Filter>
    <Filter Include="Header Files\GameObjects\Enemy">
      <UniqueIdentifier>{a9ed27fe-b6fc-4482-9f6e-5bcd60eb20a1}</UniqueIdentifier>
    </Filter>
    <Filter Include="Source Files\GameObjects\Enemy">
      <UniqueIdentifier>{ff302746-8ebf-4bc7-a810-171cb470c97f}</UniqueIdentifier>
    </Filter>
    <Filter Include="Source Files\GameObjects\Weapons">
      <UniqueIdentifier>{d523fe68-af15-4ac4-af51-87de5b4f7290}</UniqueIdentifier>
    </Filter>
    <Filter Include="Header Files\GameObjects\Weapons">
      <UniqueIdentifier>{f6c2db39-4825-4e25-8388-cf9767317ea0}</UniqueIdentifier>
    </Filter>
    <Filter Include="Header Files\GameObjects\Bullets">
      <UniqueIdentifier>{c37f496b-a714-44da-a8bc-222bf2b59bcb}</UniqueIdentifier>
    </Filter>
    <Filter Include="Source Files\GameObjects\Bullets">
      <UniqueIdentifier>{80283a20-2480-487a-9eb5-7f98b16768bd}</UniqueIdentifier>
    </Filter>
    <Filter Include="Header Files\StatusEffects">
      <UniqueIdentifier>{ad275fc2-4ba4-452e-9e34-2b1763e64044}</UniqueIdentifier>
    </Filter>
    <Filter Include="Source Files\StatusEffects">
      <UniqueIdentifier>{129d86d9-719c-4697-bc12-2df85a2f4b96}</UniqueIdentifier>
    </Filter>
    <Filter Include="Header Files\Others">
      <UniqueIdentifier>{cd485ad8-bd5f-427a-a32b-c995ea902f46}</UniqueIdentifier>
    </Filter>
    <Filter Include="Header Files\Particles">
      <UniqueIdentifier>{7745e546-f910-491a-92f3-374e498be35c}</UniqueIdentifier>
    </Filter>
    <Filter Include="Source Files\Particles">
      <UniqueIdentifier>{4db49bc4-5bc5-46ea-bf37-4a0623ea9d20}</UniqueIdentifier>
    </Filter>
    <Filter Include="Header Files\Factories">
      <UniqueIdentifier>{e6d8db44-0b65-4bb3-b843-e07faaf2a1df}</UniqueIdentifier>
    </Filter>
    <Filter Include="Source Files\Factories">
      <UniqueIdentifier>{b6b48c0b-a9e8-4429-b4df-8d400966da79}</UniqueIdentifier>
    </Filter>
    <Filter Include="Source Files\GameObjects\Items">
      <UniqueIdentifier>{820ddd20-47db-490a-b762-b3808ec66349}</UniqueIdentifier>
    </Filter>
    <Filter Include="Header Files\GameObjects\Items">
      <UniqueIdentifier>{beba44de-c7d0-49a3-a98b-f9176e2c93b6}</UniqueIdentifier>
    </Filter>
  </ItemGroup>
  <ItemGroup>
    <ClCompile Include="Source\SceneBase.cpp">
      <Filter>Source Files\Scenes</Filter>
    </ClCompile>
    <ClCompile Include="Source\GoManager.cpp">
      <Filter>Source Files\GameObjects</Filter>
    </ClCompile>
    <ClCompile Include="Source\GameObject.cpp">
      <Filter>Source Files\GameObjects</Filter>
    </ClCompile>
    <ClCompile Include="Source\Player.cpp">
      <Filter>Source Files\GameObjects</Filter>
    </ClCompile>
    <ClCompile Include="Source\Camera.cpp">
      <Filter>Source Files\Camera</Filter>
    </ClCompile>
    <ClCompile Include="Source\CameraFollow.cpp">
      <Filter>Source Files\Camera</Filter>
    </ClCompile>
    <ClCompile Include="Source\Application.cpp">
      <Filter>Source Files\Main</Filter>
    </ClCompile>
    <ClCompile Include="Source\main.cpp">
      <Filter>Source Files\Main</Filter>
    </ClCompile>
    <ClCompile Include="Source\Keyboard.cpp">
      <Filter>Source Files\Main</Filter>
    </ClCompile>
    <ClCompile Include="Source\MeshBuilder.cpp">
      <Filter>Source Files\Graphics</Filter>
    </ClCompile>
    <ClCompile Include="Source\Mesh.cpp">
      <Filter>Source Files\Graphics</Filter>
    </ClCompile>
    <ClCompile Include="Source\LoadTGA.cpp">
      <Filter>Source Files\Graphics</Filter>
    </ClCompile>
    <ClCompile Include="Source\LoadOBJ.cpp">
      <Filter>Source Files\Graphics</Filter>
    </ClCompile>
    <ClCompile Include="Source\DepthFBO.cpp">
      <Filter>Source Files\Graphics</Filter>
    </ClCompile>
    <ClCompile Include="Source\shader.cpp">
      <Filter>Source Files\Graphics</Filter>
    </ClCompile>
    <ClCompile Include="Source\SpriteAnimation.cpp">
      <Filter>Source Files\Graphics</Filter>
    </ClCompile>
    <ClCompile Include="Source\Utility.cpp">
      <Filter>Source Files\Others</Filter>
    </ClCompile>
    <ClCompile Include="Source\ParallaxBackground.cpp">
      <Filter>Source Files\Others</Filter>
    </ClCompile>
    <ClCompile Include="Source\Background.cpp">
      <Filter>Source Files\Others</Filter>
    </ClCompile>
    <ClCompile Include="Source\SoundEngine.cpp">
      <Filter>Source Files\Main</Filter>
    </ClCompile>
    <ClCompile Include="Source\TileMap.cpp">
      <Filter>Source Files\Others</Filter>
    </ClCompile>
    <ClCompile Include="Source\MeshGenerator.cpp">
      <Filter>Source Files\Graphics</Filter>
    </ClCompile>
    <ClCompile Include="Source\MapEditor.cpp">
      <Filter>Source Files\Others</Filter>
    </ClCompile>
    <ClCompile Include="Source\SceneManager.cpp">
      <Filter>Source Files\Scenes</Filter>
    </ClCompile>
    <ClCompile Include="Source\SP3.cpp">
      <Filter>Source Files\Scenes</Filter>
    </ClCompile>
    <ClCompile Include="Source\LevelEditor.cpp">
      <Filter>Source Files\Scenes</Filter>
    </ClCompile>
    <ClCompile Include="Source\CameraFree.cpp">
      <Filter>Source Files\Camera</Filter>
    </ClCompile>
    <ClCompile Include="Source\Sniper.cpp">
      <Filter>Source Files\GameObjects\Weapons</Filter>
    </ClCompile>
    <ClCompile Include="Source\Shotgun.cpp">
      <Filter>Source Files\GameObjects\Weapons</Filter>
    </ClCompile>
    <ClCompile Include="Source\Rifle.cpp">
      <Filter>Source Files\GameObjects\Weapons</Filter>
    </ClCompile>
    <ClCompile Include="Source\Pistol.cpp">
      <Filter>Source Files\GameObjects\Weapons</Filter>
    </ClCompile>
    <ClCompile Include="Source\EnemyIdle.cpp">
      <Filter>Source Files\States</Filter>
    </ClCompile>
    <ClCompile Include="Source\EnemyStates.cpp">
      <Filter>Source Files\States</Filter>
    </ClCompile>
    <ClCompile Include="Source\MeleeEnemy.cpp">
      <Filter>Source Files\GameObjects\Enemy</Filter>
    </ClCompile>
    <ClCompile Include="Source\RangeEnemy.cpp">
      <Filter>Source Files\GameObjects\Enemy</Filter>
    </ClCompile>
    <ClCompile Include="Source\EnemyChase.cpp">
      <Filter>Source Files\States</Filter>
    </ClCompile>
    <ClCompile Include="Source\Enemy.cpp">
      <Filter>Source Files\GameObjects\Enemy</Filter>
    </ClCompile>
    <ClCompile Include="Source\EnemyAttack.cpp">
      <Filter>Source Files\States</Filter>
    </ClCompile>
    <ClCompile Include="Source\Weapon.cpp">
      <Filter>Source Files\GameObjects\Weapons</Filter>
    </ClCompile>
    <ClCompile Include="Source\Bullet.cpp">
      <Filter>Source Files\GameObjects\Bullets</Filter>
    </ClCompile>
    <ClCompile Include="Source\FireBullet.cpp">
      <Filter>Source Files\GameObjects\Bullets</Filter>
    </ClCompile>
    <ClCompile Include="Source\IceBullet.cpp">
      <Filter>Source Files\GameObjects\Bullets</Filter>
    </ClCompile>
    <ClCompile Include="Source\LightningBullet.cpp">
      <Filter>Source Files\GameObjects\Bullets</Filter>
    </ClCompile>
    <ClCompile Include="Source\BulletFactory.cpp">
      <Filter>Source Files\Factories</Filter>
    </ClCompile>
    <ClCompile Include="Source\EnemyFactory.cpp">
      <Filter>Source Files\Factories</Filter>
    </ClCompile>
    <ClCompile Include="Source\NetBullet.cpp">
      <Filter>Source Files\GameObjects\Bullets</Filter>
    </ClCompile>
    <ClCompile Include="Source\Enemybullet.cpp">
      <Filter>Source Files\GameObjects\Bullets</Filter>
    </ClCompile>
    <ClCompile Include="Source\Status.cpp">
      <Filter>Source Files\StatusEffects</Filter>
    </ClCompile>
    <ClCompile Include="Source\StatusEffects.cpp">
      <Filter>Source Files\StatusEffects</Filter>
    </ClCompile>
    <ClCompile Include="Source\SlowStatus.cpp">
      <Filter>Source Files\StatusEffects</Filter>
    </ClCompile>
    <ClCompile Include="Source\EnemyStun.cpp">
      <Filter>Source Files\States</Filter>
    </ClCompile>
    <ClCompile Include="Source\StunStatus.cpp">
      <Filter>Source Files\StatusEffects</Filter>
    </ClCompile>
    <ClCompile Include="Source\BurnStatus.cpp">
      <Filter>Source Files\StatusEffects</Filter>
    </ClCompile>
    <ClCompile Include="Source\LifeStealBullet.cpp">
      <Filter>Source Files\GameObjects\Bullets</Filter>
    </ClCompile>
    <ClCompile Include="Source\Particle.cpp">
      <Filter>Source Files\Particles</Filter>
    </ClCompile>
    <ClCompile Include="Source\ParticleManager.cpp">
      <Filter>Source Files\Particles</Filter>
    </ClCompile>
    <ClCompile Include="Source\ParticleFactory.cpp">
      <Filter>Source Files\Factories</Filter>
    </ClCompile>
    <ClCompile Include="Source\AABB_2D.cpp">
      <Filter>Source Files\Others</Filter>
    </ClCompile>
    <ClCompile Include="Source\TextParticle.cpp">
      <Filter>Source Files\Particles</Filter>
    </ClCompile>
    <ClCompile Include="Source\SpriteParticle.cpp">
      <Filter>Source Files\Particles</Filter>
    </ClCompile>
    <ClCompile Include="Source\Items.cpp">
      <Filter>Source Files\GameObjects\Items</Filter>
    </ClCompile>
    <ClCompile Include="Source\HealthPotion.cpp">
      <Filter>Source Files\GameObjects\Items</Filter>
    </ClCompile>
    <ClCompile Include="Source\ItemList.cpp">
      <Filter>Source Files\GameObjects\Items</Filter>
    </ClCompile>
    <ClCompile Include="Source\SceneGameOver.cpp">
      <Filter>Source Files\Scenes</Filter>
    </ClCompile>
    <ClCompile Include="Source\SceneMainMenu.cpp">
      <Filter>Source Files\Scenes</Filter>
    </ClCompile>
    <ClCompile Include="Source\SceneEarth.cpp">
      <Filter>Source Files\Scenes</Filter>
    </ClCompile>
    <ClCompile Include="Source\SceneBoss.cpp">
      <Filter>Source Files\Scenes</Filter>
    </ClCompile>
    <ClCompile Include="Source\Boss.cpp">
      <Filter>Source Files\GameObjects\Enemy</Filter>
    </ClCompile>
    <ClCompile Include="Source\BossSkill.cpp">
      <Filter>Source Files\GameObjects\Enemy</Filter>
    </ClCompile>
    <ClCompile Include="Source\EnemySkill.cpp">
      <Filter>Source Files\States</Filter>
    </ClCompile>
    <ClCompile Include="Source\SceneUpgrade.cpp">
      <Filter>Source Files\Scenes</Filter>
    </ClCompile>
    <ClCompile Include="Source\SceneHell.cpp">
      <Filter>Source Files\Scenes</Filter>
    </ClCompile>
  </ItemGroup>
  <ItemGroup>
    <ClInclude Include="Source\Scene.h">
      <Filter>Header Files\Scenes</Filter>
    </ClInclude>
    <ClInclude Include="Source\SceneBase.h">
      <Filter>Header Files\Scenes</Filter>
    </ClInclude>
    <ClInclude Include="Source\GameObject.h">
      <Filter>Header Files\GameObjects</Filter>
    </ClInclude>
    <ClInclude Include="Source\GoManager.h">
      <Filter>Header Files\GameObjects</Filter>
    </ClInclude>
    <ClInclude Include="Source\Player.h">
      <Filter>Header Files\GameObjects</Filter>
    </ClInclude>
    <ClInclude Include="Source\Camera.h">
      <Filter>Header Files\Camera</Filter>
    </ClInclude>
    <ClInclude Include="Source\CameraFollow.h">
      <Filter>Header Files\Camera</Filter>
    </ClInclude>
    <ClInclude Include="Source\Application.h">
      <Filter>Header Files\Main</Filter>
    </ClInclude>
    <ClInclude Include="Source\Controller.h">
      <Filter>Header Files\Main</Filter>
    </ClInclude>
    <ClInclude Include="Source\Keyboard.h">
      <Filter>Header Files\Main</Filter>
    </ClInclude>
    <ClInclude Include="Source\Key.h">
      <Filter>Header Files\Main</Filter>
    </ClInclude>
    <ClInclude Include="Source\Mesh.h">
      <Filter>Header Files\Graphics</Filter>
    </ClInclude>
    <ClInclude Include="Source\MeshBuilder.h">
      <Filter>Header Files\Graphics</Filter>
    </ClInclude>
    <ClInclude Include="Source\Material.h">
      <Filter>Header Files\Graphics</Filter>
    </ClInclude>
    <ClInclude Include="Source\SpriteAnimation.h">
      <Filter>Header Files\Graphics</Filter>
    </ClInclude>
    <ClInclude Include="Source\LoadOBJ.h">
      <Filter>Header Files\Graphics</Filter>
    </ClInclude>
    <ClInclude Include="Source\LoadTGA.h">
      <Filter>Header Files\Graphics</Filter>
    </ClInclude>
    <ClInclude Include="Source\DepthFBO.h">
      <Filter>Header Files\Graphics</Filter>
    </ClInclude>
    <ClInclude Include="Source\Vertex.h">
      <Filter>Header Files\Others</Filter>
    </ClInclude>
    <ClInclude Include="Source\Utility.h">
      <Filter>Header Files\Others</Filter>
    </ClInclude>
    <ClInclude Include="Source\shader.hpp">
      <Filter>Header Files\Graphics</Filter>
    </ClInclude>
    <ClInclude Include="Source\Light.h">
      <Filter>Header Files\Graphics</Filter>
    </ClInclude>
    <ClInclude Include="Source\ParallaxBackground.h">
      <Filter>Header Files\Others</Filter>
    </ClInclude>
    <ClInclude Include="Source\Background.h">
      <Filter>Header Files\Others</Filter>
    </ClInclude>
    <ClInclude Include="Source\SoundEngine.h">
      <Filter>Header Files\Main</Filter>
    </ClInclude>
    <ClInclude Include="Source\TileMap.h">
      <Filter>Header Files\Others</Filter>
    </ClInclude>
    <ClInclude Include="Source\MeshGenerator.h">
      <Filter>Header Files\Graphics</Filter>
    </ClInclude>
    <ClInclude Include="Source\MapEditor.h">
      <Filter>Header Files\Others</Filter>
    </ClInclude>
    <ClInclude Include="Source\SceneManager.h">
      <Filter>Header Files\Scenes</Filter>
    </ClInclude>
    <ClInclude Include="Source\SP3.h">
      <Filter>Header Files\Scenes</Filter>
    </ClInclude>
    <ClInclude Include="Source\LevelEditor.h">
      <Filter>Header Files\Scenes</Filter>
    </ClInclude>
    <ClInclude Include="Source\CameraFree.h">
      <Filter>Header Files\Camera</Filter>
    </ClInclude>
    <ClInclude Include="Source\Pistol.h">
      <Filter>Header Files\GameObjects\Weapons</Filter>
    </ClInclude>
    <ClInclude Include="Source\Rifle.h">
      <Filter>Header Files\GameObjects\Weapons</Filter>
    </ClInclude>
    <ClInclude Include="Source\Shotgun.h">
      <Filter>Header Files\GameObjects\Weapons</Filter>
    </ClInclude>
    <ClInclude Include="Source\Sniper.h">
      <Filter>Header Files\GameObjects\Weapons</Filter>
    </ClInclude>
    <ClInclude Include="Source\Enemy.h">
      <Filter>Header Files\GameObjects\Enemy</Filter>
    </ClInclude>
    <ClInclude Include="Source\MeleeEnemy.h">
      <Filter>Header Files\GameObjects\Enemy</Filter>
    </ClInclude>
    <ClInclude Include="Source\RangeEnemy.h">
      <Filter>Header Files\GameObjects\Enemy</Filter>
    </ClInclude>
    <ClInclude Include="Source\Weapon.h">
      <Filter>Header Files\GameObjects\Weapons</Filter>
    </ClInclude>
    <ClInclude Include="Source\Bullet.h">
      <Filter>Header Files\GameObjects\Bullets</Filter>
    </ClInclude>
    <ClInclude Include="Source\FireBullet.h">
      <Filter>Header Files\GameObjects\Bullets</Filter>
    </ClInclude>
    <ClInclude Include="Source\IceBullet.h">
      <Filter>Header Files\GameObjects\Bullets</Filter>
    </ClInclude>
    <ClInclude Include="Source\LightningBullet.h">
      <Filter>Header Files\GameObjects\Bullets</Filter>
    </ClInclude>
    <ClInclude Include="Source\BulletFactory.h">
      <Filter>Header Files\Factories</Filter>
    </ClInclude>
    <ClInclude Include="Source\EnemyFactory.h">
      <Filter>Header Files\Factories</Filter>
    </ClInclude>
    <ClInclude Include="Source\NetBullet.h">
      <Filter>Header Files\GameObjects\Bullets</Filter>
    </ClInclude>
    <ClInclude Include="Source\EnemyAttack.h">
      <Filter>Header Files\States</Filter>
    </ClInclude>
    <ClInclude Include="Source\EnemyChase.h">
      <Filter>Header Files\States</Filter>
    </ClInclude>
    <ClInclude Include="Source\EnemyIdle.h">
      <Filter>Header Files\States</Filter>
    </ClInclude>
    <ClInclude Include="Source\EnemyStates.h">
      <Filter>Header Files\States</Filter>
    </ClInclude>
    <ClInclude Include="Source\EnemyBullet.h">
      <Filter>Header Files\GameObjects\Bullets</Filter>
    </ClInclude>
    <ClInclude Include="Source\Status.h">
      <Filter>Header Files\StatusEffects</Filter>
    </ClInclude>
    <ClInclude Include="Source\StatusEffects.h">
      <Filter>Header Files\StatusEffects</Filter>
    </ClInclude>
    <ClInclude Include="Source\SlowStatus.h">
      <Filter>Header Files\StatusEffects</Filter>
    </ClInclude>
    <ClInclude Include="Source\EnemyStun.h">
      <Filter>Header Files\States</Filter>
    </ClInclude>
    <ClInclude Include="Source\StunStatus.h">
      <Filter>Header Files\StatusEffects</Filter>
    </ClInclude>
    <ClInclude Include="Source\BurnStatus.h">
      <Filter>Header Files\StatusEffects</Filter>
    </ClInclude>
    <ClInclude Include="Source\Element.h">
      <Filter>Header Files</Filter>
    </ClInclude>
    <ClInclude Include="Source\LifeStealBullet.h">
      <Filter>Header Files\GameObjects\Bullets</Filter>
    </ClInclude>
    <ClInclude Include="Source\Particle.h">
      <Filter>Header Files\Particles</Filter>
    </ClInclude>
    <ClInclude Include="Source\ParticleManager.h">
      <Filter>Header Files\Particles</Filter>
    </ClInclude>
    <ClInclude Include="Source\ParticleFactory.h">
      <Filter>Header Files\Factories</Filter>
    </ClInclude>
    <ClInclude Include="Source\AABB_2D.h">
      <Filter>Header Files\Others</Filter>
    </ClInclude>
    <ClInclude Include="Source\TextParticle.h">
      <Filter>Header Files\Particles</Filter>
    </ClInclude>
    <ClInclude Include="Source\SpriteParticle.h">
      <Filter>Header Files\Particles</Filter>
    </ClInclude>
    <ClInclude Include="Source\Items.h">
      <Filter>Header Files\GameObjects\Items</Filter>
    </ClInclude>
    <ClInclude Include="Source\HealthPotions.h">
      <Filter>Header Files\GameObjects\Items</Filter>
    </ClInclude>
    <ClInclude Include="Source\ItemList.h">
      <Filter>Header Files\GameObjects\Items</Filter>
    </ClInclude>
    <ClInclude Include="Source\SceneGameOver.h">
      <Filter>Header Files\Scenes</Filter>
    </ClInclude>
    <ClInclude Include="Source\SceneMainMenu.h">
      <Filter>Header Files\Scenes</Filter>
    </ClInclude>
    <ClInclude Include="Source\SceneEarth.h">
      <Filter>Header Files\Scenes</Filter>
    </ClInclude>
    <ClInclude Include="Source\SceneBoss.h">
      <Filter>Header Files\Scenes</Filter>
    </ClInclude>
    <ClInclude Include="Source\Boss.h">
      <Filter>Header Files\GameObjects\Enemy</Filter>
    </ClInclude>
    <ClInclude Include="Source\BossSkill.h">
      <Filter>Header Files\GameObjects\Enemy</Filter>
    </ClInclude>
    <ClInclude Include="Source\EnemySkill.h">
      <Filter>Header Files\States</Filter>
    </ClInclude>
    <ClInclude Include="Source\SceneUpgrade.h">
      <Filter>Header Files\Scenes</Filter>
    </ClInclude>
    <ClInclude Include="Source\SceneHell.h">
      <Filter>Header Files\Scenes</Filter>
    </ClInclude>
  </ItemGroup>
</Project>